
Microsoft Visual Studio Solution File, Format Version 12.00
Project("{FAE04EC0-301F-11D3-BF4B-00C04F79EFBC}") = "FabricacionProductos", "FabricacionProductos\FabricacionProductos.csproj", "{376D1194-D8A4-42BF-9DA1-28BD826F883F}"
EndProject
Global
	GlobalSection(SolutionConfigurationPlatforms) = preSolution
		Debug|Any CPU = Debug|Any CPU
		Release|Any CPU = Release|Any CPU
	EndGlobalSection
	GlobalSection(ProjectConfigurationPlatforms) = postSolution
		{376D1194-D8A4-42BF-9DA1-28BD826F883F}.Debug|Any CPU.ActiveCfg = Debug|Any CPU
		{376D1194-D8A4-42BF-9DA1-28BD826F883F}.Debug|Any CPU.Build.0 = Debug|Any CPU
		{376D1194-D8A4-42BF-9DA1-28BD826F883F}.Release|Any CPU.ActiveCfg = Release|Any CPU
		{376D1194-D8A4-42BF-9DA1-28BD826F883F}.Release|Any CPU.Build.0 = Release|Any CPU
	EndGlobalSection
EndGlobal
