
Microsoft Visual Studio Solution File, Format Version 12.00
Project("{FAE04EC0-301F-11D3-BF4B-00C04F79EFBC}") = "FabricacionPiezas", "FabricacionPiezas\FabricacionPiezas.csproj", "{CE5FA2DC-E374-428A-8FC1-11ADED4C33A6}"
EndProject
Global
	GlobalSection(SolutionConfigurationPlatforms) = preSolution
		Debug|Any CPU = Debug|Any CPU
		Release|Any CPU = Release|Any CPU
	EndGlobalSection
	GlobalSection(ProjectConfigurationPlatforms) = postSolution
		{CE5FA2DC-E374-428A-8FC1-11ADED4C33A6}.Debug|Any CPU.ActiveCfg = Debug|Any CPU
		{CE5FA2DC-E374-428A-8FC1-11ADED4C33A6}.Debug|Any CPU.Build.0 = Debug|Any CPU
		{CE5FA2DC-E374-428A-8FC1-11ADED4C33A6}.Release|Any CPU.ActiveCfg = Release|Any CPU
		{CE5FA2DC-E374-428A-8FC1-11ADED4C33A6}.Release|Any CPU.Build.0 = Release|Any CPU
	EndGlobalSection
EndGlobal
